
Microsoft Visual Studio Solution File, Format Version 12.00
# Visual Studio Version 17
VisualStudioVersion = 17.14.36109.1 d17.14
MinimumVisualStudioVersion = 10.0.40219.1
Project("{8BC9CEB8-8B4A-11D0-8D11-00A0C91BC942}") = "BitVector", "BitVector\BitVector.vcxproj", "{5DBB2D50-B1F6-46B8-B9F8-7A13E31083CA}"
EndProject
Global
	GlobalSection(SolutionConfigurationPlatforms) = preSolution
		Debug|x64 = Debug|x64
		Debug|x86 = Debug|x86
		Release|x64 = Release|x64
		Release|x86 = Release|x86
	EndGlobalSection
	GlobalSection(ProjectConfigurationPlatforms) = postSolution
		{5DBB2D50-B1F6-46B8-B9F8-7A13E31083CA}.Debug|x64.ActiveCfg = Debug|x64
		{5DBB2D50-B1F6-46B8-B9F8-7A13E31083CA}.Debug|x64.Build.0 = Debug|x64
		{5DBB2D50-B1F6-46B8-B9F8-7A13E31083CA}.Debug|x86.ActiveCfg = Debug|Win32
		{5DBB2D50-B1F6-46B8-B9F8-7A13E31083CA}.Debug|x86.Build.0 = Debug|Win32
		{5DBB2D50-B1F6-46B8-B9F8-7A13E31083CA}.Release|x64.ActiveCfg = Release|x64
		{5DBB2D50-B1F6-46B8-B9F8-7A13E31083CA}.Release|x64.Build.0 = Release|x64
		{5DBB2D50-B1F6-46B8-B9F8-7A13E31083CA}.Release|x86.ActiveCfg = Release|Win32
		{5DBB2D50-B1F6-46B8-B9F8-7A13E31083CA}.Release|x86.Build.0 = Release|Win32
	EndGlobalSection
	GlobalSection(SolutionProperties) = preSolution
		HideSolutionNode = FALSE
	EndGlobalSection
	GlobalSection(ExtensibilityGlobals) = postSolution
		SolutionGuid = {9477EBDB-7C01-4138-8FD4-88644A74745C}
	EndGlobalSection
EndGlobal
